
Microsoft Visual Studio Solution File, Format Version 12.00
# Visual Studio 14
VisualStudioVersion = 14.0.25420.1
MinimumVisualStudioVersion = 10.0.40219.1
Project("{FAE04EC0-301F-11D3-BF4B-00C04F79EFBC}") = "LiboggSharp", "LiboggSharp\LiboggSharp.csproj", "{EC4B6C0F-4818-49D0-A4F0-1801DC5E691A}"
EndProject
Project("{FAE04EC0-301F-11D3-BF4B-00C04F79EFBC}") = "LiboggSharpTests", "LiboggSharpTests\LiboggSharpTests.csproj", "{F2B634A3-2075-4539-86FA-55A42DFC0B8A}"
EndProject
Global
	GlobalSection(SolutionConfigurationPlatforms) = preSolution
		Debug|x86 = Debug|x86
		Release|x86 = Release|x86
	EndGlobalSection
	GlobalSection(ProjectConfigurationPlatforms) = postSolution
		{EC4B6C0F-4818-49D0-A4F0-1801DC5E691A}.Debug|x86.ActiveCfg = Debug|x86
		{EC4B6C0F-4818-49D0-A4F0-1801DC5E691A}.Debug|x86.Build.0 = Debug|x86
		{EC4B6C0F-4818-49D0-A4F0-1801DC5E691A}.Release|x86.ActiveCfg = Release|x86
		{EC4B6C0F-4818-49D0-A4F0-1801DC5E691A}.Release|x86.Build.0 = Release|x86
		{F2B634A3-2075-4539-86FA-55A42DFC0B8A}.Debug|x86.ActiveCfg = Debug|x86
		{F2B634A3-2075-4539-86FA-55A42DFC0B8A}.Debug|x86.Build.0 = Debug|x86
		{F2B634A3-2075-4539-86FA-55A42DFC0B8A}.Release|x86.ActiveCfg = Release|x86
		{F2B634A3-2075-4539-86FA-55A42DFC0B8A}.Release|x86.Build.0 = Release|x86
	EndGlobalSection
	GlobalSection(SolutionProperties) = preSolution
		HideSolutionNode = FALSE
	EndGlobalSection
EndGlobal
